
Microsoft Visual Studio Solution File, Format Version 12.00
# Visual Studio Version 17
VisualStudioVersion = 17.7.34031.279
MinimumVisualStudioVersion = 10.0.40219.1
Project("{9A19103F-16F7-4668-BE54-9A1E7A4F7556}") = "ChessEngine", "ChessEngine\ChessEngine.csproj", "{4860A624-2C45-422A-B68C-152703838EFA}"
EndProject
Project("{FAE04EC0-301F-11D3-BF4B-00C04F79EFBC}") = "ChessTests", "ChessTests\ChessTests.csproj", "{F2AB799E-B995-4131-AC1F-E8BE47D1E233}"
EndProject
Global
	GlobalSection(SolutionConfigurationPlatforms) = preSolution
		Debug|Any CPU = Debug|Any CPU
		Release|Any CPU = Release|Any CPU
	EndGlobalSection
	GlobalSection(ProjectConfigurationPlatforms) = postSolution
		{4860A624-2C45-422A-B68C-152703838EFA}.Debug|Any CPU.ActiveCfg = Debug|Any CPU
		{4860A624-2C45-422A-B68C-152703838EFA}.Debug|Any CPU.Build.0 = Debug|Any CPU
		{4860A624-2C45-422A-B68C-152703838EFA}.Release|Any CPU.ActiveCfg = Release|Any CPU
		{4860A624-2C45-422A-B68C-152703838EFA}.Release|Any CPU.Build.0 = Release|Any CPU
		{F2AB799E-B995-4131-AC1F-E8BE47D1E233}.Debug|Any CPU.ActiveCfg = Debug|Any CPU
		{F2AB799E-B995-4131-AC1F-E8BE47D1E233}.Debug|Any CPU.Build.0 = Debug|Any CPU
		{F2AB799E-B995-4131-AC1F-E8BE47D1E233}.Release|Any CPU.ActiveCfg = Release|Any CPU
		{F2AB799E-B995-4131-AC1F-E8BE47D1E233}.Release|Any CPU.Build.0 = Release|Any CPU
	EndGlobalSection
	GlobalSection(SolutionProperties) = preSolution
		HideSolutionNode = FALSE
	EndGlobalSection
	GlobalSection(ExtensibilityGlobals) = postSolution
		SolutionGuid = {B30A621D-F39C-4BBA-B7D9-7CACA7EC171E}
	EndGlobalSection
EndGlobal
